
Microsoft Visual Studio Solution File, Format Version 12.00
# Visual Studio Version 17
VisualStudioVersion = 17.0.31903.59
MinimumVisualStudioVersion = 10.0.40219.1
Project("{9A19103F-16F7-4668-BE54-9A1E7A4F7556}") = "F3Wasm", "F3Wasm\F3Wasm.csproj", "{0695323F-3896-4264-AB32-8CFFECC006CB}"
EndProject
Project("{9A19103F-16F7-4668-BE54-9A1E7A4F7556}") = "F3Wasm.Tests", "F3Wasm.Tests\F3Wasm.Tests.csproj", "{2FF9DA6A-B5ED-42DF-BAAB-4581F1FDF5E1}"
EndProject
Global
	GlobalSection(SolutionConfigurationPlatforms) = preSolution
		Debug|Any CPU = Debug|Any CPU
		Release|Any CPU = Release|Any CPU
	EndGlobalSection
	GlobalSection(ProjectConfigurationPlatforms) = postSolution
		{0695323F-3896-4264-AB32-8CFFECC006CB}.Debug|Any CPU.ActiveCfg = Debug|Any CPU
		{0695323F-3896-4264-AB32-8CFFECC006CB}.Debug|Any CPU.Build.0 = Debug|Any CPU
		{0695323F-3896-4264-AB32-8CFFECC006CB}.Release|Any CPU.ActiveCfg = Release|Any CPU
		{0695323F-3896-4264-AB32-8CFFECC006CB}.Release|Any CPU.Build.0 = Release|Any CPU
		{2FF9DA6A-B5ED-42DF-BAAB-4581F1FDF5E1}.Debug|Any CPU.ActiveCfg = Debug|Any CPU
		{2FF9DA6A-B5ED-42DF-BAAB-4581F1FDF5E1}.Debug|Any CPU.Build.0 = Debug|Any CPU
		{2FF9DA6A-B5ED-42DF-BAAB-4581F1FDF5E1}.Release|Any CPU.ActiveCfg = Release|Any CPU
		{2FF9DA6A-B5ED-42DF-BAAB-4581F1FDF5E1}.Release|Any CPU.Build.0 = Release|Any CPU
	EndGlobalSection
	GlobalSection(SolutionProperties) = preSolution
		HideSolutionNode = FALSE
	EndGlobalSection
	GlobalSection(ExtensibilityGlobals) = postSolution
		SolutionGuid = {217FB5D5-B71E-49AC-ADA6-1AC5DA165A05}
	EndGlobalSection
EndGlobal
