
Microsoft Visual Studio Solution File, Format Version 12.00
# Visual Studio Version 17
VisualStudioVersion = 17.0.31903.59
MinimumVisualStudioVersion = 10.0.40219.1
Project("{9A19103F-16F7-4668-BE54-9A1E7A4F7556}") = "F3Wasm", "F3Wasm\F3Wasm.csproj", "{0695323F-3896-4264-AB32-8CFFECC006CB}"
EndProject
Project("{9A19103F-16F7-4668-BE54-9A1E7A4F7556}") = "F3Wasm.Tests", "F3Wasm.Tests\F3Wasm.Tests.csproj", "{2FF9DA6A-B5ED-42DF-BAAB-4581F1FDF5E1}"
EndProject
Project("{9A19103F-16F7-4668-BE54-9A1E7A4F7556}") = "F3Lambda", "F3Lambda\F3Lambda.csproj", "{C0630A3D-A4F5-479E-8916-01D96396A2F8}"
EndProject
Project("{9A19103F-16F7-4668-BE54-9A1E7A4F7556}") = "F3Lambda.Tests", "F3Lambda.Tests\F3Lambda.Tests.csproj", "{28B7F56C-E64B-4143-9A51-764BC84405AD}"
EndProject
Project("{9A19103F-16F7-4668-BE54-9A1E7A4F7556}") = "F3Core", "F3Core\F3Core.csproj", "{F655BB8D-EE7D-43A5-AE63-2211B8157C99}"
EndProject
Global
	GlobalSection(SolutionConfigurationPlatforms) = preSolution
		Debug|Any CPU = Debug|Any CPU
		Release|Any CPU = Release|Any CPU
	EndGlobalSection
	GlobalSection(ProjectConfigurationPlatforms) = postSolution
		{0695323F-3896-4264-AB32-8CFFECC006CB}.Debug|Any CPU.ActiveCfg = Debug|Any CPU
		{0695323F-3896-4264-AB32-8CFFECC006CB}.Debug|Any CPU.Build.0 = Debug|Any CPU
		{0695323F-3896-4264-AB32-8CFFECC006CB}.Release|Any CPU.ActiveCfg = Release|Any CPU
		{0695323F-3896-4264-AB32-8CFFECC006CB}.Release|Any CPU.Build.0 = Release|Any CPU
		{2FF9DA6A-B5ED-42DF-BAAB-4581F1FDF5E1}.Debug|Any CPU.ActiveCfg = Debug|Any CPU
		{2FF9DA6A-B5ED-42DF-BAAB-4581F1FDF5E1}.Debug|Any CPU.Build.0 = Debug|Any CPU
		{2FF9DA6A-B5ED-42DF-BAAB-4581F1FDF5E1}.Release|Any CPU.ActiveCfg = Release|Any CPU
		{2FF9DA6A-B5ED-42DF-BAAB-4581F1FDF5E1}.Release|Any CPU.Build.0 = Release|Any CPU
		{C0630A3D-A4F5-479E-8916-01D96396A2F8}.Debug|Any CPU.ActiveCfg = Debug|Any CPU
		{C0630A3D-A4F5-479E-8916-01D96396A2F8}.Debug|Any CPU.Build.0 = Debug|Any CPU
		{C0630A3D-A4F5-479E-8916-01D96396A2F8}.Release|Any CPU.ActiveCfg = Release|Any CPU
		{C0630A3D-A4F5-479E-8916-01D96396A2F8}.Release|Any CPU.Build.0 = Release|Any CPU
		{28B7F56C-E64B-4143-9A51-764BC84405AD}.Debug|Any CPU.ActiveCfg = Debug|Any CPU
		{28B7F56C-E64B-4143-9A51-764BC84405AD}.Debug|Any CPU.Build.0 = Debug|Any CPU
		{28B7F56C-E64B-4143-9A51-764BC84405AD}.Release|Any CPU.ActiveCfg = Release|Any CPU
		{28B7F56C-E64B-4143-9A51-764BC84405AD}.Release|Any CPU.Build.0 = Release|Any CPU
		{F655BB8D-EE7D-43A5-AE63-2211B8157C99}.Debug|Any CPU.ActiveCfg = Debug|Any CPU
		{F655BB8D-EE7D-43A5-AE63-2211B8157C99}.Debug|Any CPU.Build.0 = Debug|Any CPU
		{F655BB8D-EE7D-43A5-AE63-2211B8157C99}.Release|Any CPU.ActiveCfg = Release|Any CPU
		{F655BB8D-EE7D-43A5-AE63-2211B8157C99}.Release|Any CPU.Build.0 = Release|Any CPU
	EndGlobalSection
	GlobalSection(SolutionProperties) = preSolution
		HideSolutionNode = FALSE
	EndGlobalSection
EndGlobal
